
Microsoft Visual Studio Solution File, Format Version 12.00
# Visual Studio Version 17
VisualStudioVersion = 17.9.34728.123
MinimumVisualStudioVersion = 10.0.40219.1
Project("{FAE04EC0-301F-11D3-BF4B-00C04F79EFBC}") = "NotificationLibrary", "NotificationLibrary\NotificationLibrary.csproj", "{B71A644B-A90D-4402-8598-7578C2C0FF02}"
EndProject
Project("{FAE04EC0-301F-11D3-BF4B-00C04F79EFBC}") = "NotificationApp", "NotificationApp\NotificationApp.csproj", "{E74000ED-39C0-49BE-9653-CB0B347C7AD9}"
EndProject
Global
	GlobalSection(SolutionConfigurationPlatforms) = preSolution
		Debug|Any CPU = Debug|Any CPU
		Release|Any CPU = Release|Any CPU
	EndGlobalSection
	GlobalSection(ProjectConfigurationPlatforms) = postSolution
		{B71A644B-A90D-4402-8598-7578C2C0FF02}.Debug|Any CPU.ActiveCfg = Debug|Any CPU
		{B71A644B-A90D-4402-8598-7578C2C0FF02}.Debug|Any CPU.Build.0 = Debug|Any CPU
		{B71A644B-A90D-4402-8598-7578C2C0FF02}.Release|Any CPU.ActiveCfg = Release|Any CPU
		{B71A644B-A90D-4402-8598-7578C2C0FF02}.Release|Any CPU.Build.0 = Release|Any CPU
		{E74000ED-39C0-49BE-9653-CB0B347C7AD9}.Debug|Any CPU.ActiveCfg = Debug|Any CPU
		{E74000ED-39C0-49BE-9653-CB0B347C7AD9}.Debug|Any CPU.Build.0 = Debug|Any CPU
		{E74000ED-39C0-49BE-9653-CB0B347C7AD9}.Release|Any CPU.ActiveCfg = Release|Any CPU
		{E74000ED-39C0-49BE-9653-CB0B347C7AD9}.Release|Any CPU.Build.0 = Release|Any CPU
	EndGlobalSection
	GlobalSection(SolutionProperties) = preSolution
		HideSolutionNode = FALSE
	EndGlobalSection
	GlobalSection(ExtensibilityGlobals) = postSolution
		SolutionGuid = {73490B32-210D-40C1-98BD-6B5552BCBFBE}
	EndGlobalSection
EndGlobal
